
Microsoft Visual Studio Solution File, Format Version 12.00
# Visual Studio Version 17
VisualStudioVersion = 17.9.34728.123
MinimumVisualStudioVersion = 10.0.40219.1
Project("{9A19103F-16F7-4668-BE54-9A1E7A4F7556}") = "Ingestify", "Ingestify.csproj", "{5FBB2519-16D0-48BD-8ED7-E25286612FEA}"
EndProject
Project("{2150E333-8FDC-42A3-9474-1A3956D46DE8}") = "Solution Items", "Solution Items", "{0442BBC1-D64E-4650-A6CF-4DC8B6015158}"
	ProjectSection(SolutionItems) = preProject
		.gitignore = .gitignore
		.github\workflows\dotnet-publish.yml = .github\workflows\dotnet-publish.yml
		ingestify_ignore.txt = ingestify_ignore.txt
		README.md = README.md
	EndProjectSection
EndProject
Global
	GlobalSection(SolutionConfigurationPlatforms) = preSolution
		Debug|Any CPU = Debug|Any CPU
		Release|Any CPU = Release|Any CPU
	EndGlobalSection
	GlobalSection(ProjectConfigurationPlatforms) = postSolution
		{5FBB2519-16D0-48BD-8ED7-E25286612FEA}.Debug|Any CPU.ActiveCfg = Debug|Any CPU
		{5FBB2519-16D0-48BD-8ED7-E25286612FEA}.Debug|Any CPU.Build.0 = Debug|Any CPU
		{5FBB2519-16D0-48BD-8ED7-E25286612FEA}.Release|Any CPU.ActiveCfg = Release|Any CPU
		{5FBB2519-16D0-48BD-8ED7-E25286612FEA}.Release|Any CPU.Build.0 = Release|Any CPU
	EndGlobalSection
	GlobalSection(SolutionProperties) = preSolution
		HideSolutionNode = FALSE
	EndGlobalSection
	GlobalSection(ExtensibilityGlobals) = postSolution
		SolutionGuid = {C463490F-8691-4D7E-A6BD-114C85E02655}
	EndGlobalSection
EndGlobal
